# THIS IS AN AUTOGENERATED FILE. DO NOT EDIT THIS FILE DIRECTLY.
# yarn lockfile v1


a-sync-waterfall@^1.0.0:
  version "1.0.1"
  resolved "https://registry.yarnpkg.com/a-sync-waterfall/-/a-sync-waterfall-1.0.1.tgz#75b6b6aa72598b497a125e7a2770f14f4c8a1fa7"
  integrity sha512-RYTOHHdWipFUliRFMCS4X2Yn2X8M87V/OpSqWzKKOGhzqyUxzyVmhHDH9sAvG+ZuQf/TAOFsLCpMw09I1ufUnA==

asap@^2.0.3:
  version "2.0.6"
  resolved "https://registry.yarnpkg.com/asap/-/asap-2.0.6.tgz#e50347611d7e690943208bbdafebcbc2fb866d46"
  integrity sha512-BSHWgDSAiKs50o2Re8ppvp3seVHXSRM44cdSsT9FfNEUUZLOGWVCsiWaRPWM1Znn+mqZ1OfVZ3z3DWEzSp7hRA==

commander@^5.1.0:
  version "5.1.0"
  resolved "https://registry.yarnpkg.com/commander/-/commander-5.1.0.tgz#46abbd1652f8e059bddaef99bbdcb2ad9cf179ae"
  integrity sha512-P0CysNDQ7rtVw4QIQtm+MRxV66vKFSvlsQvGYXZWR3qFU0jlMKHZZZgw8e+8DSah4UDKMqnknRDQz+xuQXQ/Zg==

dexie@^3.2.2:
  version "3.2.2"
  resolved "https://registry.yarnpkg.com/dexie/-/dexie-3.2.2.tgz#fa6f2a3c0d6ed0766f8d97a03720056f88fe0e01"
  integrity sha512-q5dC3HPmir2DERlX+toCBbHQXW5MsyrFqPFcovkH9N2S/UW/H3H5AWAB6iEOExeraAu+j+zRDG+zg/D7YhH0qg==

jsbarcode@^3.11.5:
  version "3.11.5"
  resolved "https://registry.yarnpkg.com/jsbarcode/-/jsbarcode-3.11.5.tgz#390b3efd0271f35b9d68c7b8af6e972445969014"
  integrity sha512-zv3KsH51zD00I/LrFzFSM6dst7rDn0vIMzaiZFL7qusTjPZiPtxg3zxetp0RR7obmjTw4f6NyGgbdkBCgZUIrA==

nunjucks@^3.2.3:
  version "3.2.3"
  resolved "https://registry.yarnpkg.com/nunjucks/-/nunjucks-3.2.3.tgz#1b33615247290e94e28263b5d855ece765648a31"
  integrity sha512-psb6xjLj47+fE76JdZwskvwG4MYsQKXUtMsPh6U0YMvmyjRtKRFcxnlXGWglNybtNTNVmGdp94K62/+NjF5FDQ==
  dependencies:
    a-sync-waterfall "^1.0.0"
    asap "^2.0.3"
    commander "^5.1.0"

ramda@^0.27.2:
  version "0.27.2"
  resolved "https://registry.yarnpkg.com/ramda/-/ramda-0.27.2.tgz#84463226f7f36dc33592f6f4ed6374c48306c3f1"
  integrity sha512-SbiLPU40JuJniHexQSAgad32hfwd+DRUdwF2PlVuI5RZD0/vahUco7R8vD86J/tcEKKF9vZrUVwgtmGCqlCKyA==

vue-fragment@^1.6.0:
  version "1.6.0"
  resolved "https://registry.yarnpkg.com/vue-fragment/-/vue-fragment-1.6.0.tgz#2ac0ff656b74fa87d049a003b5dcd5befe9185cc"
  integrity sha512-a5T8ZZZK/EQzgVShEl374HbobUJ0a7v12BzOzS6Z/wd/5EE/5SffcyHC+7bf9hP3L7Yc0hhY/GhMdwFQ25O/8A==
